github.com/BGrewell/go-conversions v0.0.0-20201203155646-5e189e4ca087 h1:/ZR3IHtTSPqwzYQSfZYwGjrmDI5c1u2jEDDtT75Fmqw=
github.com/BGrewell/go-conversions v0.0.0-20201203155646-5e189e4ca087/go.mod h1:XtXcz/MP04vhr6c6R/5gZPJZVQpbXlFsKTHr5yy/5sU=
github.com/BGrewell/go-execute v0.0.0-20210325210258-e4484647d522 h1:GsC5sium5qW4F1enaF7qqqNjoJn53i/Yg0IY0Gct1CQ=
github.com/BGrewell/go-execute v0.0.0-20210325210258-e4484647d522/go.mod h1:vQZr3vuuuKuknvi74K22ne7NzOlwKTPKXOFMVr9Qa6A=
